
Microsoft Visual Studio Solution File, Format Version 12.00
# Visual Studio Version 17
VisualStudioVersion = 17.5.002.0
MinimumVisualStudioVersion = 10.0.40219.1
Project("{9A19103F-16F7-4668-BE54-9A1E7A4F7556}") = "OnlineStore", "OnlineStore.csproj", "{1BC6C813-D1B1-42A0-BB3A-0765B038587E}"
EndProject
Global
	GlobalSection(SolutionConfigurationPlatforms) = preSolution
		Debug|Any CPU = Debug|Any CPU
		Release|Any CPU = Release|Any CPU
	EndGlobalSection
	GlobalSection(ProjectConfigurationPlatforms) = postSolution
		{1BC6C813-D1B1-42A0-BB3A-0765B038587E}.Debug|Any CPU.ActiveCfg = Debug|Any CPU
		{1BC6C813-D1B1-42A0-BB3A-0765B038587E}.Debug|Any CPU.Build.0 = Debug|Any CPU
		{1BC6C813-D1B1-42A0-BB3A-0765B038587E}.Release|Any CPU.ActiveCfg = Release|Any CPU
		{1BC6C813-D1B1-42A0-BB3A-0765B038587E}.Release|Any CPU.Build.0 = Release|Any CPU
	EndGlobalSection
	GlobalSection(SolutionProperties) = preSolution
		HideSolutionNode = FALSE
	EndGlobalSection
	GlobalSection(ExtensibilityGlobals) = postSolution
		SolutionGuid = {88F4C11D-E32A-4CBD-A08E-F7138991440B}
	EndGlobalSection
EndGlobal
